Microsoft Visual Studio Solution File, Format Version 12.00
# Visual Studio Version 17
VisualStudioVersion = 17.5.2.0
MinimumVisualStudioVersion = 10.0.40219.1
Project("{FAE04EC0-301F-11D3-BF4B-00C04F79EFBC}") = "personal-finance-manager", "personal-finance-manager.csproj", "{7803BEBD-4714-E394-918E-0DC8AA58404D}"
EndProject
Global
	GlobalSection(SolutionConfigurationPlatforms) = preSolution
		Debug|Any CPU = Debug|Any CPU
		Release|Any CPU = Release|Any CPU
	EndGlobalSection
	GlobalSection(ProjectConfigurationPlatforms) = postSolution
		{7803BEBD-4714-E394-918E-0DC8AA58404D}.Debug|Any CPU.ActiveCfg = Debug|Any CPU
		{7803BEBD-4714-E394-918E-0DC8AA58404D}.Debug|Any CPU.Build.0 = Debug|Any CPU
		{7803BEBD-4714-E394-918E-0DC8AA58404D}.Release|Any CPU.ActiveCfg = Release|Any CPU
		{7803BEBD-4714-E394-918E-0DC8AA58404D}.Release|Any CPU.Build.0 = Release|Any CPU
	EndGlobalSection
	GlobalSection(SolutionProperties) = preSolution
		HideSolutionNode = FALSE
	EndGlobalSection
	GlobalSection(ExtensibilityGlobals) = postSolution
		SolutionGuid = {A28F355D-A9A7-4F6D-B849-F2C981142195}
	EndGlobalSection
EndGlobal
